
Microsoft Visual Studio Solution File, Format Version 12.00
# Visual Studio Version 17
VisualStudioVersion = 17.14.37216.2
MinimumVisualStudioVersion = 10.0.40219.1
Project("{8BC9CEB8-8B4A-11D0-8D11-00A0C91BC942}") = "internal", "internal\internal.vcxproj", "{6E5E06AD-4043-4A47-A7BD-937622F8D371}"
	ProjectSection(ProjectDependencies) = postProject
		{BC4F6BFE-1883-4952-89A5-FBA9C482194A} = {BC4F6BFE-1883-4952-89A5-FBA9C482194A}
	EndProjectSection
EndProject
Project("{8BC9CEB8-8B4A-11D0-8D11-00A0C91BC942}") = "loader", "loader\loader.vcxproj", "{BC4F6BFE-1883-4952-89A5-FBA9C482194A}"
EndProject
Global
	GlobalSection(SolutionConfigurationPlatforms) = preSolution
		Debug|x64 = Debug|x64
		Debug|x86 = Debug|x86
		Release|x64 = Release|x64
		Release|x86 = Release|x86
	EndGlobalSection
	GlobalSection(ProjectConfigurationPlatforms) = postSolution
		{6E5E06AD-4043-4A47-A7BD-937622F8D371}.Debug|x64.ActiveCfg = Debug|x64
		{6E5E06AD-4043-4A47-A7BD-937622F8D371}.Debug|x64.Build.0 = Debug|x64
		{6E5E06AD-4043-4A47-A7BD-937622F8D371}.Debug|x86.ActiveCfg = Debug|Win32
		{6E5E06AD-4043-4A47-A7BD-937622F8D371}.Debug|x86.Build.0 = Debug|Win32
		{6E5E06AD-4043-4A47-A7BD-937622F8D371}.Release|x64.ActiveCfg = Release|x64
		{6E5E06AD-4043-4A47-A7BD-937622F8D371}.Release|x64.Build.0 = Release|x64
		{6E5E06AD-4043-4A47-A7BD-937622F8D371}.Release|x86.ActiveCfg = Release|Win32
		{6E5E06AD-4043-4A47-A7BD-937622F8D371}.Release|x86.Build.0 = Release|Win32
		{BC4F6BFE-1883-4952-89A5-FBA9C482194A}.Debug|x64.ActiveCfg = Debug|x64
		{BC4F6BFE-1883-4952-89A5-FBA9C482194A}.Debug|x64.Build.0 = Debug|x64
		{BC4F6BFE-1883-4952-89A5-FBA9C482194A}.Debug|x86.ActiveCfg = Debug|Win32
		{BC4F6BFE-1883-4952-89A5-FBA9C482194A}.Debug|x86.Build.0 = Debug|Win32
		{BC4F6BFE-1883-4952-89A5-FBA9C482194A}.Release|x64.ActiveCfg = Release|x64
		{BC4F6BFE-1883-4952-89A5-FBA9C482194A}.Release|x64.Build.0 = Release|x64
		{BC4F6BFE-1883-4952-89A5-FBA9C482194A}.Release|x86.ActiveCfg = Release|Win32
		{BC4F6BFE-1883-4952-89A5-FBA9C482194A}.Release|x86.Build.0 = Release|Win32
	EndGlobalSection
	GlobalSection(SolutionProperties) = preSolution
		HideSolutionNode = FALSE
	EndGlobalSection
	GlobalSection(ExtensibilityGlobals) = postSolution
		SolutionGuid = {616AA3F1-F6E9-4920-A5A5-0AECA79C7E51}
	EndGlobalSection
EndGlobal
